
Microsoft Visual Studio Solution File, Format Version 10.00
# Visual Studio 2008
Project("{FAE04EC0-301F-11D3-BF4B-00C04F79EFBC}") = "xinrongysUI", "xinrongysUI\xinrongysUI.csproj", "{FB3769B0-53F4-4604-B5F1-5917FE49BD68}"
EndProject
Global
	GlobalSection(SubversionScc) = preSolution
		Svn-Managed = True
		Manager = AnkhSVN - Subversion Support for Visual Studio
	EndGlobalSection
	GlobalSection(SolutionConfigurationPlatforms) = preSolution
		Debug|Any CPU = Debug|Any CPU
		Release|Any CPU = Release|Any CPU
	EndGlobalSection
	GlobalSection(ProjectConfigurationPlatforms) = postSolution
		{FB3769B0-53F4-4604-B5F1-5917FE49BD68}.Debug|Any CPU.ActiveCfg = Debug|Any CPU
		{FB3769B0-53F4-4604-B5F1-5917FE49BD68}.Debug|Any CPU.Build.0 = Debug|Any CPU
		{FB3769B0-53F4-4604-B5F1-5917FE49BD68}.Release|Any CPU.ActiveCfg = Release|Any CPU
		{FB3769B0-53F4-4604-B5F1-5917FE49BD68}.Release|Any CPU.Build.0 = Release|Any CPU
	EndGlobalSection
	GlobalSection(SolutionProperties) = preSolution
		HideSolutionNode = FALSE
	EndGlobalSection
EndGlobal
